
Microsoft Visual Studio Solution File, Format Version 12.00
# Visual Studio Version 17
VisualStudioVersion = 17.7.34221.43
MinimumVisualStudioVersion = 10.0.40219.1
Project("{FAE04EC0-301F-11D3-BF4B-00C04F79EFBC}") = "SuperHeroAPI", "SuperHeroAPI\SuperHeroAPI.csproj", "{96A976FF-7BB4-47EA-BD98-23D192C9D515}"
EndProject
Global
	GlobalSection(SolutionConfigurationPlatforms) = preSolution
		Debug|Any CPU = Debug|Any CPU
		Release|Any CPU = Release|Any CPU
	EndGlobalSection
	GlobalSection(ProjectConfigurationPlatforms) = postSolution
		{96A976FF-7BB4-47EA-BD98-23D192C9D515}.Debug|Any CPU.ActiveCfg = Debug|Any CPU
		{96A976FF-7BB4-47EA-BD98-23D192C9D515}.Debug|Any CPU.Build.0 = Debug|Any CPU
		{96A976FF-7BB4-47EA-BD98-23D192C9D515}.Release|Any CPU.ActiveCfg = Release|Any CPU
		{96A976FF-7BB4-47EA-BD98-23D192C9D515}.Release|Any CPU.Build.0 = Release|Any CPU
	EndGlobalSection
	GlobalSection(SolutionProperties) = preSolution
		HideSolutionNode = FALSE
	EndGlobalSection
	GlobalSection(ExtensibilityGlobals) = postSolution
		SolutionGuid = {002E7224-811A-4E3F-8E29-59B9F4410A44}
	EndGlobalSection
EndGlobal
